// !$*UTF8*$!
{
	archiveVersion = 1;
	classes = {
	};
	objectVersion = 46;
	objects = {

/* Begin PBXBuildFile section */
		BD20B2501E93485B004D80BA /* main.m in Sources */ = {isa = PBXBuildFile; fileRef = BD20B24F1E93485B004D80BA /* main.m */; };
		BD20B2591E93485B004D80BA /* Main.storyboard in Resources */ = {isa = PBXBuildFile; fileRef = BD20B2571E93485B004D80BA /* Main.storyboard */; };
		BD20B25C1E93485B004D80BA /* _____.xcdatamodeld in Sources */ = {isa = PBXBuildFile; fileRef = BD20B25A1E93485B004D80BA /* _____.xcdatamodeld */; };
		BD20B25E1E93485B004D80BA /* Assets.xcassets in Resources */ = {isa = PBXBuildFile; fileRef = BD20B25D1E93485B004D80BA /* Assets.xcassets */; };
		BD20B2611E93485B004D80BA /* LaunchScreen.storyboard in Resources */ = {isa = PBXBuildFile; fileRef = BD20B25F1E93485B004D80BA /* LaunchScreen.storyboard */; };
		BD20B2691E9348AA004D80BA /* Images.xcassets in Resources */ = {isa = PBXBuildFile; fileRef = BD20B2681E9348AA004D80BA /* Images.xcassets */; };
		BD20B28E1E934C07004D80BA /* AppDelegate.m in Sources */ = {isa = PBXBuildFile; fileRef = BD20B2851E934C07004D80BA /* AppDelegate.m */; };
		BD20B2911E934E67004D80BA /* TLYTabBarController.m in Sources */ = {isa = PBXBuildFile; fileRef = BD20B2901E934E67004D80BA /* TLYTabBarController.m */; };
		BD20B2941E934F70004D80BA /* TLYEssenceController.m in Sources */ = {isa = PBXBuildFile; fileRef = BD20B2931E934F70004D80BA /* TLYEssenceController.m */; };
		BD20B2971E934FA0004D80BA /* TLYNewViewController.m in Sources */ = {isa = PBXBuildFile; fileRef = BD20B2961E934FA0004D80BA /* TLYNewViewController.m */; };
		BD20B29A1E934FBE004D80BA /* TLYPublishController.m in Sources */ = {isa = PBXBuildFile; fileRef = BD20B2991E934FBE004D80BA /* TLYPublishController.m */; };
		BD20B29D1E934FE1004D80BA /* TLYFriendTrendController.m in Sources */ = {isa = PBXBuildFile; fileRef = BD20B29C1E934FE1004D80BA /* TLYFriendTrendController.m */; };
		BD20B2A01E935025004D80BA /* TLYMeTableController.m in Sources */ = {isa = PBXBuildFile; fileRef = BD20B29F1E935025004D80BA /* TLYMeTableController.m */; };
		BD20B2A41E93530B004D80BA /* UIImage+Image.m in Sources */ = {isa = PBXBuildFile; fileRef = BD20B2A31E93530B004D80BA /* UIImage+Image.m */; };
/* End PBXBuildFile section */

/* Begin PBXFileReference section */
		BD20B24B1E93485B004D80BA /* 百思不得姐.app */ = {isa = PBXFileReference; explicitFileType = wrapper.application; includeInIndex = 0; path = "百思不得姐.app"; sourceTree = BUILT_PRODUCTS_DIR; };
		BD20B24F1E93485B004D80BA /* main.m */ = {isa = PBXFileReference; lastKnownFileType = sourcecode.c.objc; path = main.m; sourceTree = "<group>"; };
		BD20B2581E93485B004D80BA /* Base */ = {isa = PBXFileReference; lastKnownFileType = file.storyboard; name = Base; path = Base.lproj/Main.storyboard; sourceTree = "<group>"; };
		BD20B25B1E93485B004D80BA /* _____.xcdatamodel */ = {isa = PBXFileReference; lastKnownFileType = wrapper.xcdatamodel; path = "_____.xcdatamodel"; sourceTree = "<group>"; };
		BD20B25D1E93485B004D80BA /* Assets.xcassets */ = {isa = PBXFileReference; lastKnownFileType = folder.assetcatalog; path = Assets.xcassets; sourceTree = "<group>"; };
		BD20B2601E93485B004D80BA /* Base */ = {isa = PBXFileReference; lastKnownFileType = file.storyboard; name = Base; path = Base.lproj/LaunchScreen.storyboard; sourceTree = "<group>"; };
		BD20B2621E93485B004D80BA /* Info.plist */ = {isa = PBXFileReference; lastKnownFileType = text.plist.xml; path = Info.plist; sourceTree = "<group>"; };
		BD20B2681E9348AA004D80BA /* Images.xcassets */ = {isa = PBXFileReference; lastKnownFileType = folder.assetcatalog; path = Images.xcassets; sourceTree = "<group>"; };
		BD20B2841E934C07004D80BA /* AppDelegate.h */ = {isa = PBXFileReference; fileEncoding = 4; lastKnownFileType = sourcecode.c.h; path = AppDelegate.h; sourceTree = "<group>"; };
		BD20B2851E934C07004D80BA /* AppDelegate.m */ = {isa = PBXFileReference; fileEncoding = 4; lastKnownFileType = sourcecode.c.objc; path = AppDelegate.m; sourceTree = "<group>"; };
		BD20B28F1E934E67004D80BA /* TLYTabBarController.h */ = {isa = PBXFileReference; fileEncoding = 4; lastKnownFileType = sourcecode.c.h; path = TLYTabBarController.h; sourceTree = "<group>"; };
		BD20B2901E934E67004D80BA /* TLYTabBarController.m */ = {isa = PBXFileReference; fileEncoding = 4; lastKnownFileType = sourcecode.c.objc; path = TLYTabBarController.m; sourceTree = "<group>"; };
		BD20B2921E934F70004D80BA /* TLYEssenceController.h */ = {isa = PBXFileReference; fileEncoding = 4; lastKnownFileType = sourcecode.c.h; path = TLYEssenceController.h; sourceTree = "<group>"; };
		BD20B2931E934F70004D80BA /* TLYEssenceController.m */ = {isa = PBXFileReference; fileEncoding = 4; lastKnownFileType = sourcecode.c.objc; path = TLYEssenceController.m; sourceTree = "<group>"; };
		BD20B2951E934FA0004D80BA /* TLYNewViewController.h */ = {isa = PBXFileReference; fileEncoding = 4; lastKnownFileType = sourcecode.c.h; path = TLYNewViewController.h; sourceTree = "<group>"; };
		BD20B2961E934FA0004D80BA /* TLYNewViewController.m */ = {isa = PBXFileReference; fileEncoding = 4; lastKnownFileType = sourcecode.c.objc; path = TLYNewViewController.m; sourceTree = "<group>"; };
		BD20B2981E934FBE004D80BA /* TLYPublishController.h */ = {isa = PBXFileReference; fileEncoding = 4; lastKnownFileType = sourcecode.c.h; path = TLYPublishController.h; sourceTree = "<group>"; };
		BD20B2991E934FBE004D80BA /* TLYPublishController.m */ = {isa = PBXFileReference; fileEncoding = 4; lastKnownFileType = sourcecode.c.objc; path = TLYPublishController.m; sourceTree = "<group>"; };
		BD20B29B1E934FE1004D80BA /* TLYFriendTrendController.h */ = {isa = PBXFileReference; fileEncoding = 4; lastKnownFileType = sourcecode.c.h; path = TLYFriendTrendController.h; sourceTree = "<group>"; };
		BD20B29C1E934FE1004D80BA /* TLYFriendTrendController.m */ = {isa = PBXFileReference; fileEncoding = 4; lastKnownFileType = sourcecode.c.objc; path = TLYFriendTrendController.m; sourceTree = "<group>"; };
		BD20B29E1E935025004D80BA /* TLYMeTableController.h */ = {isa = PBXFileReference; fileEncoding = 4; lastKnownFileType = sourcecode.c.h; path = TLYMeTableController.h; sourceTree = "<group>"; };
		BD20B29F1E935025004D80BA /* TLYMeTableController.m */ = {isa = PBXFileReference; fileEncoding = 4; lastKnownFileType = sourcecode.c.objc; path = TLYMeTableController.m; sourceTree = "<group>"; };
		BD20B2A21E93530B004D80BA /* UIImage+Image.h */ = {isa = PBXFileReference; fileEncoding = 4; lastKnownFileType = sourcecode.c.h; path = "UIImage+Image.h"; sourceTree = "<group>"; };
		BD20B2A31E93530B004D80BA /* UIImage+Image.m */ = {isa = PBXFileReference; fileEncoding = 4; lastKnownFileType = sourcecode.c.objc; path = "UIImage+Image.m"; sourceTree = "<group>"; };
/* End PBXFileReference section */

/* Begin PBXFrameworksBuildPhase section */
		BD20B2481E93485B004D80BA /* Frameworks */ = {
			isa = PBXFrameworksBuildPhase;
			buildActionMask = 2147483647;
			files = (
			);
			runOnlyForDeploymentPostprocessing = 0;
		};
/* End PBXFrameworksBuildPhase section */

/* Begin PBXGroup section */
		BD20B2421E93485B004D80BA = {
			isa = PBXGroup;
			children = (
				BD20B24D1E93485B004D80BA /* 百思不得姐 */,
				BD20B24C1E93485B004D80BA /* Products */,
			);
			sourceTree = "<group>";
		};
		BD20B24C1E93485B004D80BA /* Products */ = {
			isa = PBXGroup;
			children = (
				BD20B24B1E93485B004D80BA /* 百思不得姐.app */,
			);
			name = Products;
			sourceTree = "<group>";
		};
		BD20B24D1E93485B004D80BA /* 百思不得姐 */ = {
			isa = PBXGroup;
			children = (
				BD20B26A1E934C07004D80BA /* Classes */,
				BD20B2571E93485B004D80BA /* Main.storyboard */,
				BD20B25D1E93485B004D80BA /* Assets.xcassets */,
				BD20B25F1E93485B004D80BA /* LaunchScreen.storyboard */,
				BD20B2621E93485B004D80BA /* Info.plist */,
				BD20B25A1E93485B004D80BA /* _____.xcdatamodeld */,
				BD20B2681E9348AA004D80BA /* Images.xcassets */,
				BD20B24E1E93485B004D80BA /* Supporting Files */,
			);
			path = "百思不得姐";
			sourceTree = "<group>";
		};
		BD20B24E1E93485B004D80BA /* Supporting Files */ = {
			isa = PBXGroup;
			children = (
				BD20B24F1E93485B004D80BA /* main.m */,
			);
			name = "Supporting Files";
			sourceTree = "<group>";
		};
		BD20B26A1E934C07004D80BA /* Classes */ = {
			isa = PBXGroup;
			children = (
				BD20B26B1E934C07004D80BA /* AD(广告) */,
				BD20B26F1E934C07004D80BA /* Essence(精华) */,
				BD20B2731E934C07004D80BA /* FriendTrend(关注) */,
				BD20B2771E934C07004D80BA /* Main(主要) */,
				BD20B27B1E934C07004D80BA /* Me(我) */,
				BD20B27F1E934C07004D80BA /* New(新帖) */,
				BD20B2831E934C07004D80BA /* Other */,
				BD20B2861E934C07004D80BA /* Publish(发布) */,
				BD20B28A1E934C07004D80BA /* Setting(设置) */,
			);
			path = Classes;
			sourceTree = "<group>";
		};
		BD20B26B1E934C07004D80BA /* AD(广告) */ = {
			isa = PBXGroup;
			children = (
				BD20B26C1E934C07004D80BA /* Controller */,
				BD20B26D1E934C07004D80BA /* Model */,
				BD20B26E1E934C07004D80BA /* View */,
			);
			path = "AD(广告)";
			sourceTree = "<group>";
		};
		BD20B26C1E934C07004D80BA /* Controller */ = {
			isa = PBXGroup;
			children = (
			);
			path = Controller;
			sourceTree = "<group>";
		};
		BD20B26D1E934C07004D80BA /* Model */ = {
			isa = PBXGroup;
			children = (
			);
			path = Model;
			sourceTree = "<group>";
		};
		BD20B26E1E934C07004D80BA /* View */ = {
			isa = PBXGroup;
			children = (
			);
			path = View;
			sourceTree = "<group>";
		};
		BD20B26F1E934C07004D80BA /* Essence(精华) */ = {
			isa = PBXGroup;
			children = (
				BD20B2701E934C07004D80BA /* Controller */,
				BD20B2711E934C07004D80BA /* Model */,
				BD20B2721E934C07004D80BA /* View */,
			);
			path = "Essence(精华)";
			sourceTree = "<group>";
		};
		BD20B2701E934C07004D80BA /* Controller */ = {
			isa = PBXGroup;
			children = (
				BD20B2921E934F70004D80BA /* TLYEssenceController.h */,
				BD20B2931E934F70004D80BA /* TLYEssenceController.m */,
			);
			path = Controller;
			sourceTree = "<group>";
		};
		BD20B2711E934C07004D80BA /* Model */ = {
			isa = PBXGroup;
			children = (
			);
			path = Model;
			sourceTree = "<group>";
		};
		BD20B2721E934C07004D80BA /* View */ = {
			isa = PBXGroup;
			children = (
			);
			path = View;
			sourceTree = "<group>";
		};
		BD20B2731E934C07004D80BA /* FriendTrend(关注) */ = {
			isa = PBXGroup;
			children = (
				BD20B2741E934C07004D80BA /* Controller */,
				BD20B2751E934C07004D80BA /* Model */,
				BD20B2761E934C07004D80BA /* View */,
			);
			path = "FriendTrend(关注)";
			sourceTree = "<group>";
		};
		BD20B2741E934C07004D80BA /* Controller */ = {
			isa = PBXGroup;
			children = (
				BD20B29B1E934FE1004D80BA /* TLYFriendTrendController.h */,
				BD20B29C1E934FE1004D80BA /* TLYFriendTrendController.m */,
			);
			path = Controller;
			sourceTree = "<group>";
		};
		BD20B2751E934C07004D80BA /* Model */ = {
			isa = PBXGroup;
			children = (
			);
			path = Model;
			sourceTree = "<group>";
		};
		BD20B2761E934C07004D80BA /* View */ = {
			isa = PBXGroup;
			children = (
			);
			path = View;
			sourceTree = "<group>";
		};
		BD20B2771E934C07004D80BA /* Main(主要) */ = {
			isa = PBXGroup;
			children = (
				BD20B2781E934C07004D80BA /* Controller */,
				BD20B2791E934C07004D80BA /* Model */,
				BD20B27A1E934C07004D80BA /* View */,
			);
			path = "Main(主要)";
			sourceTree = "<group>";
		};
		BD20B2781E934C07004D80BA /* Controller */ = {
			isa = PBXGroup;
			children = (
				BD20B28F1E934E67004D80BA /* TLYTabBarController.h */,
				BD20B2901E934E67004D80BA /* TLYTabBarController.m */,
			);
			path = Controller;
			sourceTree = "<group>";
		};
		BD20B2791E934C07004D80BA /* Model */ = {
			isa = PBXGroup;
			children = (
			);
			path = Model;
			sourceTree = "<group>";
		};
		BD20B27A1E934C07004D80BA /* View */ = {
			isa = PBXGroup;
			children = (
			);
			path = View;
			sourceTree = "<group>";
		};
		BD20B27B1E934C07004D80BA /* Me(我) */ = {
			isa = PBXGroup;
			children = (
				BD20B27C1E934C07004D80BA /* Controller */,
				BD20B27D1E934C07004D80BA /* Model */,
				BD20B27E1E934C07004D80BA /* View */,
			);
			path = "Me(我)";
			sourceTree = "<group>";
		};
		BD20B27C1E934C07004D80BA /* Controller */ = {
			isa = PBXGroup;
			children = (
				BD20B29E1E935025004D80BA /* TLYMeTableController.h */,
				BD20B29F1E935025004D80BA /* TLYMeTableController.m */,
			);
			path = Controller;
			sourceTree = "<group>";
		};
		BD20B27D1E934C07004D80BA /* Model */ = {
			isa = PBXGroup;
			children = (
			);
			path = Model;
			sourceTree = "<group>";
		};
		BD20B27E1E934C07004D80BA /* View */ = {
			isa = PBXGroup;
			children = (
			);
			path = View;
			sourceTree = "<group>";
		};
		BD20B27F1E934C07004D80BA /* New(新帖) */ = {
			isa = PBXGroup;
			children = (
				BD20B2801E934C07004D80BA /* Controller */,
				BD20B2811E934C07004D80BA /* Model */,
				BD20B2821E934C07004D80BA /* View */,
			);
			path = "New(新帖)";
			sourceTree = "<group>";
		};
		BD20B2801E934C07004D80BA /* Controller */ = {
			isa = PBXGroup;
			children = (
				BD20B2951E934FA0004D80BA /* TLYNewViewController.h */,
				BD20B2961E934FA0004D80BA /* TLYNewViewController.m */,
			);
			path = Controller;
			sourceTree = "<group>";
		};
		BD20B2811E934C07004D80BA /* Model */ = {
			isa = PBXGroup;
			children = (
			);
			path = Model;
			sourceTree = "<group>";
		};
		BD20B2821E934C07004D80BA /* View */ = {
			isa = PBXGroup;
			children = (
			);
			path = View;
			sourceTree = "<group>";
		};
		BD20B2831E934C07004D80BA /* Other */ = {
			isa = PBXGroup;
			children = (
				BD20B2A11E9352DE004D80BA /* Category */,
				BD20B2841E934C07004D80BA /* AppDelegate.h */,
				BD20B2851E934C07004D80BA /* AppDelegate.m */,
			);
			path = Other;
			sourceTree = "<group>";
		};
		BD20B2861E934C07004D80BA /* Publish(发布) */ = {
			isa = PBXGroup;
			children = (
				BD20B2871E934C07004D80BA /* Controller */,
				BD20B2881E934C07004D80BA /* Model */,
				BD20B2891E934C07004D80BA /* View */,
			);
			path = "Publish(发布)";
			sourceTree = "<group>";
		};
		BD20B2871E934C07004D80BA /* Controller */ = {
			isa = PBXGroup;
			children = (
				BD20B2981E934FBE004D80BA /* TLYPublishController.h */,
				BD20B2991E934FBE004D80BA /* TLYPublishController.m */,
			);
			path = Controller;
			sourceTree = "<group>";
		};
		BD20B2881E934C07004D80BA /* Model */ = {
			isa = PBXGroup;
			children = (
			);
			path = Model;
			sourceTree = "<group>";
		};
		BD20B2891E934C07004D80BA /* View */ = {
			isa = PBXGroup;
			children = (
			);
			path = View;
			sourceTree = "<group>";
		};
		BD20B28A1E934C07004D80BA /* Setting(设置) */ = {
			isa = PBXGroup;
			children = (
				BD20B28B1E934C07004D80BA /* Controller */,
				BD20B28C1E934C07004D80BA /* Model */,
				BD20B28D1E934C07004D80BA /* View */,
			);
			path = "Setting(设置)";
			sourceTree = "<group>";
		};
		BD20B28B1E934C07004D80BA /* Controller */ = {
			isa = PBXGroup;
			children = (
			);
			path = Controller;
			sourceTree = "<group>";
		};
		BD20B28C1E934C07004D80BA /* Model */ = {
			isa = PBXGroup;
			children = (
			);
			path = Model;
			sourceTree = "<group>";
		};
		BD20B28D1E934C07004D80BA /* View */ = {
			isa = PBXGroup;
			children = (
			);
			path = View;
			sourceTree = "<group>";
		};
		BD20B2A11E9352DE004D80BA /* Category */ = {
			isa = PBXGroup;
			children = (
				BD20B2A21E93530B004D80BA /* UIImage+Image.h */,
				BD20B2A31E93530B004D80BA /* UIImage+Image.m */,
			);
			path = Category;
			sourceTree = "<group>";
		};
/* End PBXGroup section */

/* Begin PBXNativeTarget section */
		BD20B24A1E93485B004D80BA /* 百思不得姐 */ = {
			isa = PBXNativeTarget;
			buildConfigurationList = BD20B2651E93485B004D80BA /* Build configuration list for PBXNativeTarget "百思不得姐" */;
			buildPhases = (
				BD20B2471E93485B004D80BA /* Sources */,
				BD20B2481E93485B004D80BA /* Frameworks */,
				BD20B2491E93485B004D80BA /* Resources */,
			);
			buildRules = (
			);
			dependencies = (
			);
			name = "百思不得姐";
			productName = "百思不得姐";
			productReference = BD20B24B1E93485B004D80BA /* 百思不得姐.app */;
			productType = "com.apple.product-type.application";
		};
/* End PBXNativeTarget section */

/* Begin PBXProject section */
		BD20B2431E93485B004D80BA /* Project object */ = {
			isa = PBXProject;
			attributes = {
				LastUpgradeCheck = 0820;
				ORGANIZATIONNAME = jack_tang;
				TargetAttributes = {
					BD20B24A1E93485B004D80BA = {
						CreatedOnToolsVersion = 8.2.1;
						ProvisioningStyle = Automatic;
					};
				};
			};
			buildConfigurationList = BD20B2461E93485B004D80BA /* Build configuration list for PBXProject "百思不得姐" */;
			compatibilityVersion = "Xcode 3.2";
			developmentRegion = English;
			hasScannedForEncodings = 0;
			knownRegions = (
				en,
				Base,
			);
			mainGroup = BD20B2421E93485B004D80BA;
			productRefGroup = BD20B24C1E93485B004D80BA /* Products */;
			projectDirPath = "";
			projectRoot = "";
			targets = (
				BD20B24A1E93485B004D80BA /* 百思不得姐 */,
			);
		};
/* End PBXProject section */

/* Begin PBXResourcesBuildPhase section */
		BD20B2491E93485B004D80BA /* Resources */ = {
			isa = PBXResourcesBuildPhase;
			buildActionMask = 2147483647;
			files = (
				BD20B2611E93485B004D80BA /* LaunchScreen.storyboard in Resources */,
				BD20B2691E9348AA004D80BA /* Images.xcassets in Resources */,
				BD20B25E1E93485B004D80BA /* Assets.xcassets in Resources */,
				BD20B2591E93485B004D80BA /* Main.storyboard in Resources */,
			);
			runOnlyForDeploymentPostprocessing = 0;
		};
/* End PBXResourcesBuildPhase section */

/* Begin PBXSourcesBuildPhase section */
		BD20B2471E93485B004D80BA /* Sources */ = {
			isa = PBXSourcesBuildPhase;
			buildActionMask = 2147483647;
			files = (
				BD20B2A01E935025004D80BA /* TLYMeTableController.m in Sources */,
				BD20B2A41E93530B004D80BA /* UIImage+Image.m in Sources */,
				BD20B25C1E93485B004D80BA /* _____.xcdatamodeld in Sources */,
				BD20B2971E934FA0004D80BA /* TLYNewViewController.m in Sources */,
				BD20B2911E934E67004D80BA /* TLYTabBarController.m in Sources */,
				BD20B2501E93485B004D80BA /* main.m in Sources */,
				BD20B2941E934F70004D80BA /* TLYEssenceController.m in Sources */,
				BD20B28E1E934C07004D80BA /* AppDelegate.m in Sources */,
				BD20B29A1E934FBE004D80BA /* TLYPublishController.m in Sources */,
				BD20B29D1E934FE1004D80BA /* TLYFriendTrendController.m in Sources */,
			);
			runOnlyForDeploymentPostprocessing = 0;
		};
/* End PBXSourcesBuildPhase section */

/* Begin PBXVariantGroup section */
		BD20B2571E93485B004D80BA /* Main.storyboard */ = {
			isa = PBXVariantGroup;
			children = (
				BD20B2581E93485B004D80BA /* Base */,
			);
			name = Main.storyboard;
			sourceTree = "<group>";
		};
		BD20B25F1E93485B004D80BA /* LaunchScreen.storyboard */ = {
			isa = PBXVariantGroup;
			children = (
				BD20B2601E93485B004D80BA /* Base */,
			);
			name = LaunchScreen.storyboard;
			sourceTree = "<group>";
		};
/* End PBXVariantGroup section */

/* Begin XCBuildConfiguration section */
		BD20B2631E93485B004D80BA /* Debug */ = {
			isa = XCBuildConfiguration;
			buildSettings = {
				ALWAYS_SEARCH_USER_PATHS = NO;
				CLANG_ANALYZER_NONNULL = YES;
				CLANG_CXX_LANGUAGE_STANDARD = "gnu++0x";
				CLANG_CXX_LIBRARY = "libc++";
				CLANG_ENABLE_MODULES = YES;
				CLANG_ENABLE_OBJC_ARC = YES;
				CLANG_WARN_BOOL_CONVERSION = YES;
				CLANG_WARN_CONSTANT_CONVERSION = YES;
				CLANG_WARN_DIRECT_OBJC_ISA_USAGE = YES_ERROR;
				CLANG_WARN_DOCUMENTATION_COMMENTS = YES;
				CLANG_WARN_EMPTY_BODY = YES;
				CLANG_WARN_ENUM_CONVERSION = YES;
				CLANG_WARN_INFINITE_RECURSION = YES;
				CLANG_WARN_INT_CONVERSION = YES;
				CLANG_WARN_OBJC_ROOT_CLASS = YES_ERROR;
				CLANG_WARN_SUSPICIOUS_MOVE = YES;
				CLANG_WARN_UNREACHABLE_CODE = YES;
				CLANG_WARN__DUPLICATE_METHOD_MATCH = YES;
				"CODE_SIGN_IDENTITY[sdk=iphoneos*]" = "iPhone Developer";
				COPY_PHASE_STRIP = NO;
				DEBUG_INFORMATION_FORMAT = dwarf;
				ENABLE_STRICT_OBJC_MSGSEND = YES;
				ENABLE_TESTABILITY = YES;
				GCC_C_LANGUAGE_STANDARD = gnu99;
				GCC_DYNAMIC_NO_PIC = NO;
				GCC_NO_COMMON_BLOCKS = YES;
				GCC_OPTIMIZATION_LEVEL = 0;
				GCC_PREPROCESSOR_DEFINITIONS = (
					"DEBUG=1",
					"$(inherited)",
				);
				GCC_WARN_64_TO_32_BIT_CONVERSION = YES;
				GCC_WARN_ABOUT_RETURN_TYPE = YES_ERROR;
				GCC_WARN_UNDECLARED_SELECTOR = YES;
				GCC_WARN_UNINITIALIZED_AUTOS = YES_AGGRESSIVE;
				GCC_WARN_UNUSED_FUNCTION = YES;
				GCC_WARN_UNUSED_VARIABLE = YES;
				IPHONEOS_DEPLOYMENT_TARGET = 10.2;
				MTL_ENABLE_DEBUG_INFO = YES;
				ONLY_ACTIVE_ARCH = YES;
				SDKROOT = iphoneos;
			};
			name = Debug;
		};
		BD20B2641E93485B004D80BA /* Release */ = {
			isa = XCBuildConfiguration;
			buildSettings = {
				ALWAYS_SEARCH_USER_PATHS = NO;
				CLANG_ANALYZER_NONNULL = YES;
				CLANG_CXX_LANGUAGE_STANDARD = "gnu++0x";
				CLANG_CXX_LIBRARY = "libc++";
				CLANG_ENABLE_MODULES = YES;
				CLANG_ENABLE_OBJC_ARC = YES;
				CLANG_WARN_BOOL_CONVERSION = YES;
				CLANG_WARN_CONSTANT_CONVERSION = YES;
				CLANG_WARN_DIRECT_OBJC_ISA_USAGE = YES_ERROR;
				CLANG_WARN_DOCUMENTATION_COMMENTS = YES;
				CLANG_WARN_EMPTY_BODY = YES;
				CLANG_WARN_ENUM_CONVERSION = YES;
				CLANG_WARN_INFINITE_RECURSION = YES;
				CLANG_WARN_INT_CONVERSION = YES;
				CLANG_WARN_OBJC_ROOT_CLASS = YES_ERROR;
				CLANG_WARN_SUSPICIOUS_MOVE = YES;
				CLANG_WARN_UNREACHABLE_CODE = YES;
				CLANG_WARN__DUPLICATE_METHOD_MATCH = YES;
				"CODE_SIGN_IDENTITY[sdk=iphoneos*]" = "iPhone Developer";
				COPY_PHASE_STRIP = NO;
				DEBUG_INFORMATION_FORMAT = "dwarf-with-dsym";
				ENABLE_NS_ASSERTIONS = NO;
				ENABLE_STRICT_OBJC_MSGSEND = YES;
				GCC_C_LANGUAGE_STANDARD = gnu99;
				GCC_NO_COMMON_BLOCKS = YES;
				GCC_WARN_64_TO_32_BIT_CONVERSION = YES;
				GCC_WARN_ABOUT_RETURN_TYPE = YES_ERROR;
				GCC_WARN_UNDECLARED_SELECTOR = YES;
				GCC_WARN_UNINITIALIZED_AUTOS = YES_AGGRESSIVE;
				GCC_WARN_UNUSED_FUNCTION = YES;
				GCC_WARN_UNUSED_VARIABLE = YES;
				IPHONEOS_DEPLOYMENT_TARGET = 10.2;
				MTL_ENABLE_DEBUG_INFO = NO;
				SDKROOT = iphoneos;
				VALIDATE_PRODUCT = YES;
			};
			name = Release;
		};
		BD20B2661E93485B004D80BA /* Debug */ = {
			isa = XCBuildConfiguration;
			buildSettings = {
				ASSETCATALOG_COMPILER_APPICON_NAME = AppIcon;
				ASSETCATALOG_COMPILER_LAUNCHIMAGE_NAME = LaunchImage;
				INFOPLIST_FILE = "百思不得姐/Info.plist";
				IPHONEOS_DEPLOYMENT_TARGET = 8.0;
				LD_RUNPATH_SEARCH_PATHS = "$(inherited) @executable_path/Frameworks";
				PRODUCT_BUNDLE_IDENTIFIER = "com.apple.-----";
				PRODUCT_NAME = "$(TARGET_NAME)";
			};
			name = Debug;
		};
		BD20B2671E93485B004D80BA /* Release */ = {
			isa = XCBuildConfiguration;
			buildSettings = {
				ASSETCATALOG_COMPILER_APPICON_NAME = AppIcon;
				ASSETCATALOG_COMPILER_LAUNCHIMAGE_NAME = LaunchImage;
				INFOPLIST_FILE = "百思不得姐/Info.plist";
				IPHONEOS_DEPLOYMENT_TARGET = 8.0;
				LD_RUNPATH_SEARCH_PATHS = "$(inherited) @executable_path/Frameworks";
				PRODUCT_BUNDLE_IDENTIFIER = "com.apple.-----";
				PRODUCT_NAME = "$(TARGET_NAME)";
			};
			name = Release;
		};
/* End XCBuildConfiguration section */

/* Begin XCConfigurationList section */
		BD20B2461E93485B004D80BA /* Build configuration list for PBXProject "百思不得姐" */ = {
			isa = XCConfigurationList;
			buildConfigurations = (
				BD20B2631E93485B004D80BA /* Debug */,
				BD20B2641E93485B004D80BA /* Release */,
			);
			defaultConfigurationIsVisible = 0;
			defaultConfigurationName = Release;
		};
		BD20B2651E93485B004D80BA /* Build configuration list for PBXNativeTarget "百思不得姐" */ = {
			isa = XCConfigurationList;
			buildConfigurations = (
				BD20B2661E93485B004D80BA /* Debug */,
				BD20B2671E93485B004D80BA /* Release */,
			);
			defaultConfigurationIsVisible = 0;
			defaultConfigurationName = Release;
		};
/* End XCConfigurationList section */

/* Begin XCVersionGroup section */
		BD20B25A1E93485B004D80BA /* _____.xcdatamodeld */ = {
			isa = XCVersionGroup;
			children = (
				BD20B25B1E93485B004D80BA /* _____.xcdatamodel */,
			);
			currentVersion = BD20B25B1E93485B004D80BA /* _____.xcdatamodel */;
			path = "_____.xcdatamodeld";
			sourceTree = "<group>";
			versionGroupType = wrapper.xcdatamodel;
		};
/* End XCVersionGroup section */
	};
	rootObject = BD20B2431E93485B004D80BA /* Project object */;
}
